
Microsoft Visual Studio Solution File, Format Version 12.00
# Visual Studio 15
VisualStudioVersion = 15.0.28307.136
MinimumVisualStudioVersion = 10.0.40219.1
Project("{FAE04EC0-301F-11D3-BF4B-00C04F79EFBC}") = "Hello", "Hello\Hello.csproj", "{C7DD24BC-B093-4498-A0A9-8FC001B2DE88}"
EndProject
Global
	GlobalSection(SolutionConfigurationPlatforms) = preSolution
		Debug|Any CPU = Debug|Any CPU
		Release|Any CPU = Release|Any CPU
	EndGlobalSection
	GlobalSection(ProjectConfigurationPlatforms) = postSolution
		{C7DD24BC-B093-4498-A0A9-8FC001B2DE88}.Debug|Any CPU.ActiveCfg = Debug|Any CPU
		{C7DD24BC-B093-4498-A0A9-8FC001B2DE88}.Debug|Any CPU.Build.0 = Debug|Any CPU
		{C7DD24BC-B093-4498-A0A9-8FC001B2DE88}.Release|Any CPU.ActiveCfg = Release|Any CPU
		{C7DD24BC-B093-4498-A0A9-8FC001B2DE88}.Release|Any CPU.Build.0 = Release|Any CPU
	EndGlobalSection
	GlobalSection(SolutionProperties) = preSolution
		HideSolutionNode = FALSE
	EndGlobalSection
	GlobalSection(ExtensibilityGlobals) = postSolution
		SolutionGuid = {86538384-A04F-4697-86C8-966185DA0C13}
	EndGlobalSection
EndGlobal
